
Microsoft Visual Studio Solution File, Format Version 12.00
# Visual Studio Version 17
VisualStudioVersion = 17.8.34322.80
MinimumVisualStudioVersion = 10.0.40219.1
Project("{FAE04EC0-301F-11D3-BF4B-00C04F79EFBC}") = "Task 7_6", "Task 7_6.csproj", "{388EE982-2C77-40E7-A20D-BA9C19392E36}"
EndProject
Global
	GlobalSection(SolutionConfigurationPlatforms) = preSolution
		Debug|Any CPU = Debug|Any CPU
		Release|Any CPU = Release|Any CPU
	EndGlobalSection
	GlobalSection(ProjectConfigurationPlatforms) = postSolution
		{388EE982-2C77-40E7-A20D-BA9C19392E36}.Debug|Any CPU.ActiveCfg = Debug|Any CPU
		{388EE982-2C77-40E7-A20D-BA9C19392E36}.Debug|Any CPU.Build.0 = Debug|Any CPU
		{388EE982-2C77-40E7-A20D-BA9C19392E36}.Release|Any CPU.ActiveCfg = Release|Any CPU
		{388EE982-2C77-40E7-A20D-BA9C19392E36}.Release|Any CPU.Build.0 = Release|Any CPU
	EndGlobalSection
	GlobalSection(SolutionProperties) = preSolution
		HideSolutionNode = FALSE
	EndGlobalSection
	GlobalSection(ExtensibilityGlobals) = postSolution
		SolutionGuid = {99BD5E54-FF98-4E9E-BFC0-7DC2E58AB6D5}
	EndGlobalSection
EndGlobal
