
Microsoft Visual Studio Solution File, Format Version 12.00
# Visual Studio Version 17
VisualStudioVersion = 17.8.34322.80
MinimumVisualStudioVersion = 10.0.40219.1
Project("{FAE04EC0-301F-11D3-BF4B-00C04F79EFBC}") = "Task3", "Task3\Task3.csproj", "{44D89A03-5F5A-4608-922D-73FB505011F8}"
EndProject
Global
	GlobalSection(SolutionConfigurationPlatforms) = preSolution
		Debug|Any CPU = Debug|Any CPU
		Release|Any CPU = Release|Any CPU
	EndGlobalSection
	GlobalSection(ProjectConfigurationPlatforms) = postSolution
		{44D89A03-5F5A-4608-922D-73FB505011F8}.Debug|Any CPU.ActiveCfg = Debug|Any CPU
		{44D89A03-5F5A-4608-922D-73FB505011F8}.Debug|Any CPU.Build.0 = Debug|Any CPU
		{44D89A03-5F5A-4608-922D-73FB505011F8}.Release|Any CPU.ActiveCfg = Release|Any CPU
		{44D89A03-5F5A-4608-922D-73FB505011F8}.Release|Any CPU.Build.0 = Release|Any CPU
	EndGlobalSection
	GlobalSection(SolutionProperties) = preSolution
		HideSolutionNode = FALSE
	EndGlobalSection
	GlobalSection(ExtensibilityGlobals) = postSolution
		SolutionGuid = {1C2562AA-DD72-431E-B743-529E1CBB60E5}
	EndGlobalSection
EndGlobal
