
Microsoft Visual Studio Solution File, Format Version 12.00
# Visual Studio Version 17
VisualStudioVersion = 17.8.34322.80
MinimumVisualStudioVersion = 10.0.40219.1
Project("{FAE04EC0-301F-11D3-BF4B-00C04F79EFBC}") = "Task 7_12", "Task 7_12.csproj", "{E30084E6-6D80-4CF5-8264-70230E382192}"
EndProject
Global
	GlobalSection(SolutionConfigurationPlatforms) = preSolution
		Debug|Any CPU = Debug|Any CPU
		Release|Any CPU = Release|Any CPU
	EndGlobalSection
	GlobalSection(ProjectConfigurationPlatforms) = postSolution
		{E30084E6-6D80-4CF5-8264-70230E382192}.Debug|Any CPU.ActiveCfg = Debug|Any CPU
		{E30084E6-6D80-4CF5-8264-70230E382192}.Debug|Any CPU.Build.0 = Debug|Any CPU
		{E30084E6-6D80-4CF5-8264-70230E382192}.Release|Any CPU.ActiveCfg = Release|Any CPU
		{E30084E6-6D80-4CF5-8264-70230E382192}.Release|Any CPU.Build.0 = Release|Any CPU
	EndGlobalSection
	GlobalSection(SolutionProperties) = preSolution
		HideSolutionNode = FALSE
	EndGlobalSection
	GlobalSection(ExtensibilityGlobals) = postSolution
		SolutionGuid = {CE700CA9-8F30-40AC-825E-1F2EB2DE2F5D}
	EndGlobalSection
EndGlobal
