
Microsoft Visual Studio Solution File, Format Version 12.00
# Visual Studio Version 17
VisualStudioVersion = 17.8.34322.80
MinimumVisualStudioVersion = 10.0.40219.1
Project("{FAE04EC0-301F-11D3-BF4B-00C04F79EFBC}") = "Task 7_10", "Task 7_10.csproj", "{113F65FE-1F94-480D-804E-6E7F601C0028}"
EndProject
Global
	GlobalSection(SolutionConfigurationPlatforms) = preSolution
		Debug|Any CPU = Debug|Any CPU
		Release|Any CPU = Release|Any CPU
	EndGlobalSection
	GlobalSection(ProjectConfigurationPlatforms) = postSolution
		{113F65FE-1F94-480D-804E-6E7F601C0028}.Debug|Any CPU.ActiveCfg = Debug|Any CPU
		{113F65FE-1F94-480D-804E-6E7F601C0028}.Debug|Any CPU.Build.0 = Debug|Any CPU
		{113F65FE-1F94-480D-804E-6E7F601C0028}.Release|Any CPU.ActiveCfg = Release|Any CPU
		{113F65FE-1F94-480D-804E-6E7F601C0028}.Release|Any CPU.Build.0 = Release|Any CPU
	EndGlobalSection
	GlobalSection(SolutionProperties) = preSolution
		HideSolutionNode = FALSE
	EndGlobalSection
	GlobalSection(ExtensibilityGlobals) = postSolution
		SolutionGuid = {945874BD-9F07-419D-8B0F-6C820C11CBB9}
	EndGlobalSection
EndGlobal
